golang.org/x/tools v0.14.0 h1:jvNa2pY0M4r62jkRQ6RwEZZyPcymeL9XZMLBbV7U2nc=
golang.org/x/tools v0.14.0/go.mod h1:uYBEerGOWcJyEORxN+Ek8+TT266gXkNlHdJBwexUsBg=
golang.org/x/tools v0.20.0 h1:hz/CVckiOxybQvFw6h7b/q80NTr9IUQb4s1IIzW7KNY=
golang.org/x/tools v0.20.0/go.mod h1:WvitBU7JJf6A4jOdg4S1tviW9bhUxkgeCui/0JHctQg=
rsc.io/script v0.0.1 h1:t8dtrXAUACmR2OV0OXuQ9otT/5x2F/QqsnssYhtcziM=
rsc.io/script v0.0.1/go.mod h1:CQ30lgzFbVimcUVFHfewSNOAv0ag6UQ0b0nIWeN22Fc=
rsc.io/script v0.0.2 h1:eYoG7A3GFC3z1pRx3A2+s/vZ9LA8cxojHyCvslnj4RI=
rsc.io/script v0.0.2/go.mod h1:cKBjCtFBBeZ0cbYFRXkRoxP+xGqhArPa9t3VWhtXfzU=
